
Microsoft Visual Studio Solution File, Format Version 12.00
# Visual Studio Version 16
VisualStudioVersion = 16.0.29102.190
MinimumVisualStudioVersion = 10.0.40219.1
Project("{FAE04EC0-301F-11D3-BF4B-00C04F79EFBC}") = "moondraft.Android", "moondraft.Android\moondraft.Android.csproj", "{D0CEE306-BAA7-4BC2-AE0C-3A82B718F5A1}"
EndProject
Project("{9A19103F-16F7-4668-BE54-9A1E7A4F7556}") = "moondraft", "moondraft\moondraft.csproj", "{C92D365F-214B-4B61-ABAD-8B73AF42D39E}"
EndProject
Global
	GlobalSection(SolutionConfigurationPlatforms) = preSolution
		Debug|Any CPU = Debug|Any CPU
		Debug|ARM = Debug|ARM
		Debug|x64 = Debug|x64
		Debug|x86 = Debug|x86
		Release|Any CPU = Release|Any CPU
		Release|ARM = Release|ARM
		Release|x64 = Release|x64
		Release|x86 = Release|x86
	EndGlobalSection
	GlobalSection(ProjectConfigurationPlatforms) = postSolution
		{D0CEE306-BAA7-4BC2-AE0C-3A82B718F5A1}.Debug|Any CPU.ActiveCfg = Debug|Any CPU
		{D0CEE306-BAA7-4BC2-AE0C-3A82B718F5A1}.Debug|Any CPU.Build.0 = Debug|Any CPU
		{D0CEE306-BAA7-4BC2-AE0C-3A82B718F5A1}.Debug|Any CPU.Deploy.0 = Debug|Any CPU
		{D0CEE306-BAA7-4BC2-AE0C-3A82B718F5A1}.Debug|ARM.ActiveCfg = Debug|Any CPU
		{D0CEE306-BAA7-4BC2-AE0C-3A82B718F5A1}.Debug|ARM.Build.0 = Debug|Any CPU
		{D0CEE306-BAA7-4BC2-AE0C-3A82B718F5A1}.Debug|ARM.Deploy.0 = Debug|Any CPU
		{D0CEE306-BAA7-4BC2-AE0C-3A82B718F5A1}.Debug|x64.ActiveCfg = Debug|Any CPU
		{D0CEE306-BAA7-4BC2-AE0C-3A82B718F5A1}.Debug|x64.Build.0 = Debug|Any CPU
		{D0CEE306-BAA7-4BC2-AE0C-3A82B718F5A1}.Debug|x64.Deploy.0 = Debug|Any CPU
		{D0CEE306-BAA7-4BC2-AE0C-3A82B718F5A1}.Debug|x86.ActiveCfg = Debug|Any CPU
		{D0CEE306-BAA7-4BC2-AE0C-3A82B718F5A1}.Debug|x86.Build.0 = Debug|Any CPU
		{D0CEE306-BAA7-4BC2-AE0C-3A82B718F5A1}.Debug|x86.Deploy.0 = Debug|Any CPU
		{D0CEE306-BAA7-4BC2-AE0C-3A82B718F5A1}.Release|Any CPU.ActiveCfg = Release|Any CPU
		{D0CEE306-BAA7-4BC2-AE0C-3A82B718F5A1}.Release|Any CPU.Build.0 = Release|Any CPU
		{D0CEE306-BAA7-4BC2-AE0C-3A82B718F5A1}.Release|Any CPU.Deploy.0 = Release|Any CPU
		{D0CEE306-BAA7-4BC2-AE0C-3A82B718F5A1}.Release|ARM.ActiveCfg = Release|Any CPU
		{D0CEE306-BAA7-4BC2-AE0C-3A82B718F5A1}.Release|ARM.Build.0 = Release|Any CPU
		{D0CEE306-BAA7-4BC2-AE0C-3A82B718F5A1}.Release|ARM.Deploy.0 = Release|Any CPU
		{D0CEE306-BAA7-4BC2-AE0C-3A82B718F5A1}.Release|x64.ActiveCfg = Release|Any CPU
		{D0CEE306-BAA7-4BC2-AE0C-3A82B718F5A1}.Release|x64.Build.0 = Release|Any CPU
		{D0CEE306-BAA7-4BC2-AE0C-3A82B718F5A1}.Release|x64.Deploy.0 = Release|Any CPU
		{D0CEE306-BAA7-4BC2-AE0C-3A82B718F5A1}.Release|x86.ActiveCfg = Release|Any CPU
		{D0CEE306-BAA7-4BC2-AE0C-3A82B718F5A1}.Release|x86.Build.0 = Release|Any CPU
		{D0CEE306-BAA7-4BC2-AE0C-3A82B718F5A1}.Release|x86.Deploy.0 = Release|Any CPU
		{C92D365F-214B-4B61-ABAD-8B73AF42D39E}.Debug|Any CPU.ActiveCfg = Debug|Any CPU
		{C92D365F-214B-4B61-ABAD-8B73AF42D39E}.Debug|Any CPU.Build.0 = Debug|Any CPU
		{C92D365F-214B-4B61-ABAD-8B73AF42D39E}.Debug|Any CPU.Deploy.0 = Debug|Any CPU
		{C92D365F-214B-4B61-ABAD-8B73AF42D39E}.Debug|ARM.ActiveCfg = Debug|Any CPU
		{C92D365F-214B-4B61-ABAD-8B73AF42D39E}.Debug|ARM.Build.0 = Debug|Any CPU
		{C92D365F-214B-4B61-ABAD-8B73AF42D39E}.Debug|ARM.Deploy.0 = Debug|Any CPU
		{C92D365F-214B-4B61-ABAD-8B73AF42D39E}.Debug|x64.ActiveCfg = Debug|Any CPU
		{C92D365F-214B-4B61-ABAD-8B73AF42D39E}.Debug|x64.Build.0 = Debug|Any CPU
		{C92D365F-214B-4B61-ABAD-8B73AF42D39E}.Debug|x64.Deploy.0 = Debug|Any CPU
		{C92D365F-214B-4B61-ABAD-8B73AF42D39E}.Debug|x86.ActiveCfg = Debug|Any CPU
		{C92D365F-214B-4B61-ABAD-8B73AF42D39E}.Debug|x86.Build.0 = Debug|Any CPU
		{C92D365F-214B-4B61-ABAD-8B73AF42D39E}.Debug|x86.Deploy.0 = Debug|Any CPU
		{C92D365F-214B-4B61-ABAD-8B73AF42D39E}.Release|Any CPU.ActiveCfg = Release|Any CPU
		{C92D365F-214B-4B61-ABAD-8B73AF42D39E}.Release|Any CPU.Build.0 = Release|Any CPU
		{C92D365F-214B-4B61-ABAD-8B73AF42D39E}.Release|Any CPU.Deploy.0 = Release|Any CPU
		{C92D365F-214B-4B61-ABAD-8B73AF42D39E}.Release|ARM.ActiveCfg = Release|Any CPU
		{C92D365F-214B-4B61-ABAD-8B73AF42D39E}.Release|ARM.Build.0 = Release|Any CPU
		{C92D365F-214B-4B61-ABAD-8B73AF42D39E}.Release|ARM.Deploy.0 = Release|Any CPU
		{C92D365F-214B-4B61-ABAD-8B73AF42D39E}.Release|x64.ActiveCfg = Release|Any CPU
		{C92D365F-214B-4B61-ABAD-8B73AF42D39E}.Release|x64.Build.0 = Release|Any CPU
		{C92D365F-214B-4B61-ABAD-8B73AF42D39E}.Release|x64.Deploy.0 = Release|Any CPU
		{C92D365F-214B-4B61-ABAD-8B73AF42D39E}.Release|x86.ActiveCfg = Release|Any CPU
		{C92D365F-214B-4B61-ABAD-8B73AF42D39E}.Release|x86.Build.0 = Release|Any CPU
		{C92D365F-214B-4B61-ABAD-8B73AF42D39E}.Release|x86.Deploy.0 = Release|Any CPU
	EndGlobalSection
	GlobalSection(SolutionProperties) = preSolution
		HideSolutionNode = FALSE
	EndGlobalSection
	GlobalSection(ExtensibilityGlobals) = postSolution
		SolutionGuid = {0309830D-87B5-4DBC-AE1F-9F418FAE31EA}
	EndGlobalSection
EndGlobal
